// !$*UTF8*$!
{
	archiveVersion = 1;
	classes = {
	};
	objectVersion = 46;
	objects = {

/* Begin PBXBuildFile section */
		599B81661CEEF8AC00AF47F2 /* main.m in Sources */ = {isa = PBXBuildFile; fileRef = 599B81651CEEF8AC00AF47F2 /* main.m */; };
		599B81691CEEF8AC00AF47F2 /* AppDelegate.m in Sources */ = {isa = PBXBuildFile; fileRef = 599B81681CEEF8AC00AF47F2 /* AppDelegate.m */; };
		599B81711CEEF8AC00AF47F2 /* Assets.xcassets in Resources */ = {isa = PBXBuildFile; fileRef = 599B81701CEEF8AC00AF47F2 /* Assets.xcassets */; };
		599B81741CEEF8AC00AF47F2 /* LaunchScreen.storyboard in Resources */ = {isa = PBXBuildFile; fileRef = 599B81721CEEF8AC00AF47F2 /* LaunchScreen.storyboard */; };
		599B817C1CEEFAF000AF47F2 /* MapKit.framework in Frameworks */ = {isa = PBXBuildFile; fileRef = 599B817B1CEEFAF000AF47F2 /* MapKit.framework */; };
		599B817E1CEEFAF900AF47F2 /* CoreLocation.framework in Frameworks */ = {isa = PBXBuildFile; fileRef = 599B817D1CEEFAF900AF47F2 /* CoreLocation.framework */; };
		599B81831CEEFB6F00AF47F2 /* DTCMazingerZ.m in Sources */ = {isa = PBXBuildFile; fileRef = 599B81821CEEFB6F00AF47F2 /* DTCMazingerZ.m */; };
		599B81881CEEFDB000AF47F2 /* DTCMazingerViewController.m in Sources */ = {isa = PBXBuildFile; fileRef = 599B81861CEEFDB000AF47F2 /* DTCMazingerViewController.m */; };
		599B81891CEEFDB000AF47F2 /* DTCMazingerViewController.xib in Resources */ = {isa = PBXBuildFile; fileRef = 599B81871CEEFDB000AF47F2 /* DTCMazingerViewController.xib */; };
/* End PBXBuildFile section */

/* Begin PBXFileReference section */
		599B81611CEEF8AC00AF47F2 /* iMazinger.app */ = {isa = PBXFileReference; explicitFileType = wrapper.application; includeInIndex = 0; path = iMazinger.app; sourceTree = BUILT_PRODUCTS_DIR; };
		599B81651CEEF8AC00AF47F2 /* main.m */ = {isa = PBXFileReference; lastKnownFileType = sourcecode.c.objc; path = main.m; sourceTree = "<group>"; };
		599B81671CEEF8AC00AF47F2 /* AppDelegate.h */ = {isa = PBXFileReference; lastKnownFileType = sourcecode.c.h; path = AppDelegate.h; sourceTree = "<group>"; };
		599B81681CEEF8AC00AF47F2 /* AppDelegate.m */ = {isa = PBXFileReference; lastKnownFileType = sourcecode.c.objc; path = AppDelegate.m; sourceTree = "<group>"; };
		599B81701CEEF8AC00AF47F2 /* Assets.xcassets */ = {isa = PBXFileReference; lastKnownFileType = folder.assetcatalog; path = Assets.xcassets; sourceTree = "<group>"; };
		599B81731CEEF8AC00AF47F2 /* Base */ = {isa = PBXFileReference; lastKnownFileType = file.storyboard; name = Base; path = Base.lproj/LaunchScreen.storyboard; sourceTree = "<group>"; };
		599B81751CEEF8AC00AF47F2 /* Info.plist */ = {isa = PBXFileReference; lastKnownFileType = text.plist.xml; path = Info.plist; sourceTree = "<group>"; };
		599B817B1CEEFAF000AF47F2 /* MapKit.framework */ = {isa = PBXFileReference; lastKnownFileType = wrapper.framework; name = MapKit.framework; path = System/Library/Frameworks/MapKit.framework; sourceTree = SDKROOT; };
		599B817D1CEEFAF900AF47F2 /* CoreLocation.framework */ = {isa = PBXFileReference; lastKnownFileType = wrapper.framework; name = CoreLocation.framework; path = System/Library/Frameworks/CoreLocation.framework; sourceTree = SDKROOT; };
		599B81811CEEFB6F00AF47F2 /* DTCMazingerZ.h */ = {isa = PBXFileReference; fileEncoding = 4; lastKnownFileType = sourcecode.c.h; path = DTCMazingerZ.h; sourceTree = "<group>"; };
		599B81821CEEFB6F00AF47F2 /* DTCMazingerZ.m */ = {isa = PBXFileReference; fileEncoding = 4; lastKnownFileType = sourcecode.c.objc; path = DTCMazingerZ.m; sourceTree = "<group>"; };
		599B81851CEEFDB000AF47F2 /* DTCMazingerViewController.h */ = {isa = PBXFileReference; fileEncoding = 4; lastKnownFileType = sourcecode.c.h; path = DTCMazingerViewController.h; sourceTree = "<group>"; };
		599B81861CEEFDB000AF47F2 /* DTCMazingerViewController.m */ = {isa = PBXFileReference; fileEncoding = 4; lastKnownFileType = sourcecode.c.objc; path = DTCMazingerViewController.m; sourceTree = "<group>"; };
		599B81871CEEFDB000AF47F2 /* DTCMazingerViewController.xib */ = {isa = PBXFileReference; fileEncoding = 4; lastKnownFileType = file.xib; path = DTCMazingerViewController.xib; sourceTree = "<group>"; };
/* End PBXFileReference section */

/* Begin PBXFrameworksBuildPhase section */
		599B815E1CEEF8AC00AF47F2 /* Frameworks */ = {
			isa = PBXFrameworksBuildPhase;
			buildActionMask = 2147483647;
			files = (
				599B817E1CEEFAF900AF47F2 /* CoreLocation.framework in Frameworks */,
				599B817C1CEEFAF000AF47F2 /* MapKit.framework in Frameworks */,
			);
			runOnlyForDeploymentPostprocessing = 0;
		};
/* End PBXFrameworksBuildPhase section */

/* Begin PBXGroup section */
		599B81581CEEF8AC00AF47F2 = {
			isa = PBXGroup;
			children = (
				599B81631CEEF8AC00AF47F2 /* iMazinger */,
				599B81621CEEF8AC00AF47F2 /* Products */,
			);
			sourceTree = "<group>";
		};
		599B81621CEEF8AC00AF47F2 /* Products */ = {
			isa = PBXGroup;
			children = (
				599B81611CEEF8AC00AF47F2 /* iMazinger.app */,
			);
			name = Products;
			sourceTree = "<group>";
		};
		599B81631CEEF8AC00AF47F2 /* iMazinger */ = {
			isa = PBXGroup;
			children = (
				599B81841CEEFD8F00AF47F2 /* Controllers */,
				599B81801CEEFB5800AF47F2 /* Model */,
				599B81671CEEF8AC00AF47F2 /* AppDelegate.h */,
				599B81681CEEF8AC00AF47F2 /* AppDelegate.m */,
				599B81701CEEF8AC00AF47F2 /* Assets.xcassets */,
				599B81721CEEF8AC00AF47F2 /* LaunchScreen.storyboard */,
				599B81751CEEF8AC00AF47F2 /* Info.plist */,
				599B81641CEEF8AC00AF47F2 /* Supporting Files */,
				599B817F1CEEFB3F00AF47F2 /* Frameworks */,
			);
			path = iMazinger;
			sourceTree = "<group>";
		};
		599B81641CEEF8AC00AF47F2 /* Supporting Files */ = {
			isa = PBXGroup;
			children = (
				599B81651CEEF8AC00AF47F2 /* main.m */,
			);
			name = "Supporting Files";
			sourceTree = "<group>";
		};
		599B817F1CEEFB3F00AF47F2 /* Frameworks */ = {
			isa = PBXGroup;
			children = (
				599B817D1CEEFAF900AF47F2 /* CoreLocation.framework */,
				599B817B1CEEFAF000AF47F2 /* MapKit.framework */,
			);
			name = Frameworks;
			path = ..;
			sourceTree = "<group>";
		};
		599B81801CEEFB5800AF47F2 /* Model */ = {
			isa = PBXGroup;
			children = (
				599B81811CEEFB6F00AF47F2 /* DTCMazingerZ.h */,
				599B81821CEEFB6F00AF47F2 /* DTCMazingerZ.m */,
			);
			name = Model;
			sourceTree = "<group>";
		};
		599B81841CEEFD8F00AF47F2 /* Controllers */ = {
			isa = PBXGroup;
			children = (
				599B81851CEEFDB000AF47F2 /* DTCMazingerViewController.h */,
				599B81861CEEFDB000AF47F2 /* DTCMazingerViewController.m */,
				599B81871CEEFDB000AF47F2 /* DTCMazingerViewController.xib */,
			);
			name = Controllers;
			sourceTree = "<group>";
		};
/* End PBXGroup section */

/* Begin PBXNativeTarget section */
		599B81601CEEF8AC00AF47F2 /* iMazinger */ = {
			isa = PBXNativeTarget;
			buildConfigurationList = 599B81781CEEF8AC00AF47F2 /* Build configuration list for PBXNativeTarget "iMazinger" */;
			buildPhases = (
				599B815D1CEEF8AC00AF47F2 /* Sources */,
				599B815E1CEEF8AC00AF47F2 /* Frameworks */,
				599B815F1CEEF8AC00AF47F2 /* Resources */,
			);
			buildRules = (
			);
			dependencies = (
			);
			name = iMazinger;
			productName = iMazinger;
			productReference = 599B81611CEEF8AC00AF47F2 /* iMazinger.app */;
			productType = "com.apple.product-type.application";
		};
/* End PBXNativeTarget section */

/* Begin PBXProject section */
		599B81591CEEF8AC00AF47F2 /* Project object */ = {
			isa = PBXProject;
			attributes = {
				LastUpgradeCheck = 0730;
				ORGANIZATIONNAME = "David de Tena";
				TargetAttributes = {
					599B81601CEEF8AC00AF47F2 = {
						CreatedOnToolsVersion = 7.3.1;
					};
				};
			};
			buildConfigurationList = 599B815C1CEEF8AC00AF47F2 /* Build configuration list for PBXProject "iMazinger" */;
			compatibilityVersion = "Xcode 3.2";
			developmentRegion = English;
			hasScannedForEncodings = 0;
			knownRegions = (
				en,
				Base,
			);
			mainGroup = 599B81581CEEF8AC00AF47F2;
			productRefGroup = 599B81621CEEF8AC00AF47F2 /* Products */;
			projectDirPath = "";
			projectRoot = "";
			targets = (
				599B81601CEEF8AC00AF47F2 /* iMazinger */,
			);
		};
/* End PBXProject section */

/* Begin PBXResourcesBuildPhase section */
		599B815F1CEEF8AC00AF47F2 /* Resources */ = {
			isa = PBXResourcesBuildPhase;
			buildActionMask = 2147483647;
			files = (
				599B81741CEEF8AC00AF47F2 /* LaunchScreen.storyboard in Resources */,
				599B81891CEEFDB000AF47F2 /* DTCMazingerViewController.xib in Resources */,
				599B81711CEEF8AC00AF47F2 /* Assets.xcassets in Resources */,
			);
			runOnlyForDeploymentPostprocessing = 0;
		};
/* End PBXResourcesBuildPhase section */

/* Begin PBXSourcesBuildPhase section */
		599B815D1CEEF8AC00AF47F2 /* Sources */ = {
			isa = PBXSourcesBuildPhase;
			buildActionMask = 2147483647;
			files = (
				599B81881CEEFDB000AF47F2 /* DTCMazingerViewController.m in Sources */,
				599B81691CEEF8AC00AF47F2 /* AppDelegate.m in Sources */,
				599B81661CEEF8AC00AF47F2 /* main.m in Sources */,
				599B81831CEEFB6F00AF47F2 /* DTCMazingerZ.m in Sources */,
			);
			runOnlyForDeploymentPostprocessing = 0;
		};
/* End PBXSourcesBuildPhase section */

/* Begin PBXVariantGroup section */
		599B81721CEEF8AC00AF47F2 /* LaunchScreen.storyboard */ = {
			isa = PBXVariantGroup;
			children = (
				599B81731CEEF8AC00AF47F2 /* Base */,
			);
			name = LaunchScreen.storyboard;
			sourceTree = "<group>";
		};
/* End PBXVariantGroup section */

/* Begin XCBuildConfiguration section */
		599B81761CEEF8AC00AF47F2 /* Debug */ = {
			isa = XCBuildConfiguration;
			buildSettings = {
				ALWAYS_SEARCH_USER_PATHS = NO;
				CLANG_ANALYZER_NONNULL = YES;
				CLANG_CXX_LANGUAGE_STANDARD = "gnu++0x";
				CLANG_CXX_LIBRARY = "libc++";
				CLANG_ENABLE_MODULES = YES;
				CLANG_ENABLE_OBJC_ARC = YES;
				CLANG_WARN_BOOL_CONVERSION = YES;
				CLANG_WARN_CONSTANT_CONVERSION = YES;
				CLANG_WARN_DIRECT_OBJC_ISA_USAGE = YES_ERROR;
				CLANG_WARN_EMPTY_BODY = YES;
				CLANG_WARN_ENUM_CONVERSION = YES;
				CLANG_WARN_INT_CONVERSION = YES;
				CLANG_WARN_OBJC_ROOT_CLASS = YES_ERROR;
				CLANG_WARN_UNREACHABLE_CODE = YES;
				CLANG_WARN__DUPLICATE_METHOD_MATCH = YES;
				"CODE_SIGN_IDENTITY[sdk=iphoneos*]" = "iPhone Developer";
				COPY_PHASE_STRIP = NO;
				DEBUG_INFORMATION_FORMAT = dwarf;
				ENABLE_STRICT_OBJC_MSGSEND = YES;
				ENABLE_TESTABILITY = YES;
				GCC_C_LANGUAGE_STANDARD = gnu99;
				GCC_DYNAMIC_NO_PIC = NO;
				GCC_NO_COMMON_BLOCKS = YES;
				GCC_OPTIMIZATION_LEVEL = 0;
				GCC_PREPROCESSOR_DEFINITIONS = (
					"DEBUG=1",
					"$(inherited)",
				);
				GCC_WARN_64_TO_32_BIT_CONVERSION = YES;
				GCC_WARN_ABOUT_RETURN_TYPE = YES_ERROR;
				GCC_WARN_UNDECLARED_SELECTOR = YES;
				GCC_WARN_UNINITIALIZED_AUTOS = YES_AGGRESSIVE;
				GCC_WARN_UNUSED_FUNCTION = YES;
				GCC_WARN_UNUSED_VARIABLE = YES;
				IPHONEOS_DEPLOYMENT_TARGET = 9.3;
				MTL_ENABLE_DEBUG_INFO = YES;
				ONLY_ACTIVE_ARCH = YES;
				SDKROOT = iphoneos;
			};
			name = Debug;
		};
		599B81771CEEF8AC00AF47F2 /* Release */ = {
			isa = XCBuildConfiguration;
			buildSettings = {
				ALWAYS_SEARCH_USER_PATHS = NO;
				CLANG_ANALYZER_NONNULL = YES;
				CLANG_CXX_LANGUAGE_STANDARD = "gnu++0x";
				CLANG_CXX_LIBRARY = "libc++";
				CLANG_ENABLE_MODULES = YES;
				CLANG_ENABLE_OBJC_ARC = YES;
				CLANG_WARN_BOOL_CONVERSION = YES;
				CLANG_WARN_CONSTANT_CONVERSION = YES;
				CLANG_WARN_DIRECT_OBJC_ISA_USAGE = YES_ERROR;
				CLANG_WARN_EMPTY_BODY = YES;
				CLANG_WARN_ENUM_CONVERSION = YES;
				CLANG_WARN_INT_CONVERSION = YES;
				CLANG_WARN_OBJC_ROOT_CLASS = YES_ERROR;
				CLANG_WARN_UNREACHABLE_CODE = YES;
				CLANG_WARN__DUPLICATE_METHOD_MATCH = YES;
				"CODE_SIGN_IDENTITY[sdk=iphoneos*]" = "iPhone Developer";
				COPY_PHASE_STRIP = NO;
				DEBUG_INFORMATION_FORMAT = "dwarf-with-dsym";
				ENABLE_NS_ASSERTIONS = NO;
				ENABLE_STRICT_OBJC_MSGSEND = YES;
				GCC_C_LANGUAGE_STANDARD = gnu99;
				GCC_NO_COMMON_BLOCKS = YES;
				GCC_WARN_64_TO_32_BIT_CONVERSION = YES;
				GCC_WARN_ABOUT_RETURN_TYPE = YES_ERROR;
				GCC_WARN_UNDECLARED_SELECTOR = YES;
				GCC_WARN_UNINITIALIZED_AUTOS = YES_AGGRESSIVE;
				GCC_WARN_UNUSED_FUNCTION = YES;
				GCC_WARN_UNUSED_VARIABLE = YES;
				IPHONEOS_DEPLOYMENT_TARGET = 9.3;
				MTL_ENABLE_DEBUG_INFO = NO;
				SDKROOT = iphoneos;
				VALIDATE_PRODUCT = YES;
			};
			name = Release;
		};
		599B81791CEEF8AC00AF47F2 /* Debug */ = {
			isa = XCBuildConfiguration;
			buildSettings = {
				ASSETCATALOG_COMPILER_APPICON_NAME = AppIcon;
				INFOPLIST_FILE = iMazinger/Info.plist;
				IPHONEOS_DEPLOYMENT_TARGET = 7.1;
				LD_RUNPATH_SEARCH_PATHS = "$(inherited) @executable_path/Frameworks";
				PRODUCT_BUNDLE_IDENTIFIER = com.daviddetena.iMazinger;
				PRODUCT_NAME = "$(TARGET_NAME)";
			};
			name = Debug;
		};
		599B817A1CEEF8AC00AF47F2 /* Release */ = {
			isa = XCBuildConfiguration;
			buildSettings = {
				ASSETCATALOG_COMPILER_APPICON_NAME = AppIcon;
				INFOPLIST_FILE = iMazinger/Info.plist;
				IPHONEOS_DEPLOYMENT_TARGET = 7.1;
				LD_RUNPATH_SEARCH_PATHS = "$(inherited) @executable_path/Frameworks";
				PRODUCT_BUNDLE_IDENTIFIER = com.daviddetena.iMazinger;
				PRODUCT_NAME = "$(TARGET_NAME)";
			};
			name = Release;
		};
/* End XCBuildConfiguration section */

/* Begin XCConfigurationList section */
		599B815C1CEEF8AC00AF47F2 /* Build configuration list for PBXProject "iMazinger" */ = {
			isa = XCConfigurationList;
			buildConfigurations = (
				599B81761CEEF8AC00AF47F2 /* Debug */,
				599B81771CEEF8AC00AF47F2 /* Release */,
			);
			defaultConfigurationIsVisible = 0;
			defaultConfigurationName = Release;
		};
		599B81781CEEF8AC00AF47F2 /* Build configuration list for PBXNativeTarget "iMazinger" */ = {
			isa = XCConfigurationList;
			buildConfigurations = (
				599B81791CEEF8AC00AF47F2 /* Debug */,
				599B817A1CEEF8AC00AF47F2 /* Release */,
			);
			defaultConfigurationIsVisible = 0;
		};
/* End XCConfigurationList section */
	};
	rootObject = 599B81591CEEF8AC00AF47F2 /* Project object */;
}
